
Microsoft Visual Studio Solution File, Format Version 12.00
Project("{FAE04EC0-301F-11D3-BF4B-00C04F79EFBC}") = "Api", "src\Api\Api.csproj", "{5AB841F6-77BB-43A5-B6CB-62CD40A954CA}"
EndProject
Project("{FAE04EC0-301F-11D3-BF4B-00C04F79EFBC}") = "Domain", "src\Domain\Domain.csproj", "{00EA69C2-6743-4D77-B71A-A88DCC28F140}"
EndProject
Project("{FAE04EC0-301F-11D3-BF4B-00C04F79EFBC}") = "Repository", "src\Repository\Repository.csproj", "{9EA99DE2-ED29-4125-920B-4EABFB27E48A}"
EndProject
Global
	GlobalSection(SolutionConfigurationPlatforms) = preSolution
		Debug|Any CPU = Debug|Any CPU
		Release|Any CPU = Release|Any CPU
	EndGlobalSection
	GlobalSection(ProjectConfigurationPlatforms) = postSolution
		{5AB841F6-77BB-43A5-B6CB-62CD40A954CA}.Debug|Any CPU.ActiveCfg = Debug|Any CPU
		{5AB841F6-77BB-43A5-B6CB-62CD40A954CA}.Debug|Any CPU.Build.0 = Debug|Any CPU
		{5AB841F6-77BB-43A5-B6CB-62CD40A954CA}.Release|Any CPU.ActiveCfg = Release|Any CPU
		{5AB841F6-77BB-43A5-B6CB-62CD40A954CA}.Release|Any CPU.Build.0 = Release|Any CPU
		{00EA69C2-6743-4D77-B71A-A88DCC28F140}.Debug|Any CPU.ActiveCfg = Debug|Any CPU
		{00EA69C2-6743-4D77-B71A-A88DCC28F140}.Debug|Any CPU.Build.0 = Debug|Any CPU
		{00EA69C2-6743-4D77-B71A-A88DCC28F140}.Release|Any CPU.ActiveCfg = Release|Any CPU
		{00EA69C2-6743-4D77-B71A-A88DCC28F140}.Release|Any CPU.Build.0 = Release|Any CPU
		{9EA99DE2-ED29-4125-920B-4EABFB27E48A}.Debug|Any CPU.ActiveCfg = Debug|Any CPU
		{9EA99DE2-ED29-4125-920B-4EABFB27E48A}.Debug|Any CPU.Build.0 = Debug|Any CPU
		{9EA99DE2-ED29-4125-920B-4EABFB27E48A}.Release|Any CPU.ActiveCfg = Release|Any CPU
		{9EA99DE2-ED29-4125-920B-4EABFB27E48A}.Release|Any CPU.Build.0 = Release|Any CPU
	EndGlobalSection
EndGlobal
